
Microsoft Visual Studio Solution File, Format Version 12.00
# Visual Studio Version 17
VisualStudioVersion = 17.1.32228.430
MinimumVisualStudioVersion = 10.0.40219.1
Project("{8BC9CEB8-8B4A-11D0-8D11-00A0C91BC942}") = "triangle", "triangle.vcxproj", "{2C5D77E0-261A-4B41-B893-111F08E83142}"
EndProject
Project("{888888A0-9F3D-457C-B088-3A5042F75D52}") = "convert", "assets\convert.pyproj", "{88FB2C0B-16B0-487B-A2A0-307F17B5EF4C}"
EndProject
Global
	GlobalSection(SolutionConfigurationPlatforms) = preSolution
		Debug|Any CPU = Debug|Any CPU
		Debug|x64 = Debug|x64
		Debug|x86 = Debug|x86
		Release|Any CPU = Release|Any CPU
		Release|x64 = Release|x64
		Release|x86 = Release|x86
	EndGlobalSection
	GlobalSection(ProjectConfigurationPlatforms) = postSolution
		{2C5D77E0-261A-4B41-B893-111F08E83142}.Debug|Any CPU.ActiveCfg = Debug|x64
		{2C5D77E0-261A-4B41-B893-111F08E83142}.Debug|Any CPU.Build.0 = Debug|x64
		{2C5D77E0-261A-4B41-B893-111F08E83142}.Debug|x64.ActiveCfg = Debug|x64
		{2C5D77E0-261A-4B41-B893-111F08E83142}.Debug|x64.Build.0 = Debug|x64
		{2C5D77E0-261A-4B41-B893-111F08E83142}.Debug|x86.ActiveCfg = Debug|Win32
		{2C5D77E0-261A-4B41-B893-111F08E83142}.Debug|x86.Build.0 = Debug|Win32
		{2C5D77E0-261A-4B41-B893-111F08E83142}.Release|Any CPU.ActiveCfg = Release|x64
		{2C5D77E0-261A-4B41-B893-111F08E83142}.Release|Any CPU.Build.0 = Release|x64
		{2C5D77E0-261A-4B41-B893-111F08E83142}.Release|x64.ActiveCfg = Release|x64
		{2C5D77E0-261A-4B41-B893-111F08E83142}.Release|x64.Build.0 = Release|x64
		{2C5D77E0-261A-4B41-B893-111F08E83142}.Release|x86.ActiveCfg = Release|Win32
		{2C5D77E0-261A-4B41-B893-111F08E83142}.Release|x86.Build.0 = Release|Win32
		{88FB2C0B-16B0-487B-A2A0-307F17B5EF4C}.Debug|Any CPU.ActiveCfg = Debug|Any CPU
		{88FB2C0B-16B0-487B-A2A0-307F17B5EF4C}.Debug|x64.ActiveCfg = Debug|Any CPU
		{88FB2C0B-16B0-487B-A2A0-307F17B5EF4C}.Debug|x86.ActiveCfg = Debug|Any CPU
		{88FB2C0B-16B0-487B-A2A0-307F17B5EF4C}.Release|Any CPU.ActiveCfg = Release|Any CPU
		{88FB2C0B-16B0-487B-A2A0-307F17B5EF4C}.Release|x64.ActiveCfg = Release|Any CPU
		{88FB2C0B-16B0-487B-A2A0-307F17B5EF4C}.Release|x86.ActiveCfg = Release|Any CPU
	EndGlobalSection
	GlobalSection(SolutionProperties) = preSolution
		HideSolutionNode = FALSE
	EndGlobalSection
	GlobalSection(ExtensibilityGlobals) = postSolution
		SolutionGuid = {B93116FD-BDF2-4F81-9668-0737D28F3B96}
	EndGlobalSection
EndGlobal
